
Microsoft Visual Studio Solution File, Format Version 12.00
# Visual Studio Version 17
VisualStudioVersion = 17.1.32414.318
MinimumVisualStudioVersion = 10.0.40219.1
Project("{9A19103F-16F7-4668-BE54-9A1E7A4F7556}") = "GameStore.Domain", "GameStore.Domain\GameStore.Domain.csproj", "{FFB39CBF-1406-4ABC-B99C-CF5CA30643BD}"
EndProject
Project("{9A19103F-16F7-4668-BE54-9A1E7A4F7556}") = "GameStore.Application", "GameStore.Application\GameStore.Application.csproj", "{8529743D-9B00-4579-8705-41DD3F95A779}"
EndProject
Project("{9A19103F-16F7-4668-BE54-9A1E7A4F7556}") = "GameStore.Infrastructure", "GameStore.Infrastructure\GameStore.Infrastructure.csproj", "{158C7CFF-BEB4-4E73-B2F1-DF61FAE9BB7E}"
EndProject
Project("{9A19103F-16F7-4668-BE54-9A1E7A4F7556}") = "GameStore.API", "GameStore.API\GameStore.API.csproj", "{864C941D-145E-4CCC-BD23-BC6AF464BA64}"
EndProject
Project("{FAE04EC0-301F-11D3-BF4B-00C04F79EFBC}") = "GameStore.UnitTests", "GameStore.UnitTests\GameStore.UnitTests.csproj", "{472687F7-F161-47C2-AAB2-1C605EF09629}"
EndProject
Global
	GlobalSection(SolutionConfigurationPlatforms) = preSolution
		Debug|Any CPU = Debug|Any CPU
		Release|Any CPU = Release|Any CPU
	EndGlobalSection
	GlobalSection(ProjectConfigurationPlatforms) = postSolution
		{FFB39CBF-1406-4ABC-B99C-CF5CA30643BD}.Debug|Any CPU.ActiveCfg = Debug|Any CPU
		{FFB39CBF-1406-4ABC-B99C-CF5CA30643BD}.Debug|Any CPU.Build.0 = Debug|Any CPU
		{FFB39CBF-1406-4ABC-B99C-CF5CA30643BD}.Release|Any CPU.ActiveCfg = Release|Any CPU
		{FFB39CBF-1406-4ABC-B99C-CF5CA30643BD}.Release|Any CPU.Build.0 = Release|Any CPU
		{8529743D-9B00-4579-8705-41DD3F95A779}.Debug|Any CPU.ActiveCfg = Debug|Any CPU
		{8529743D-9B00-4579-8705-41DD3F95A779}.Debug|Any CPU.Build.0 = Debug|Any CPU
		{8529743D-9B00-4579-8705-41DD3F95A779}.Release|Any CPU.ActiveCfg = Release|Any CPU
		{8529743D-9B00-4579-8705-41DD3F95A779}.Release|Any CPU.Build.0 = Release|Any CPU
		{158C7CFF-BEB4-4E73-B2F1-DF61FAE9BB7E}.Debug|Any CPU.ActiveCfg = Debug|Any CPU
		{158C7CFF-BEB4-4E73-B2F1-DF61FAE9BB7E}.Debug|Any CPU.Build.0 = Debug|Any CPU
		{158C7CFF-BEB4-4E73-B2F1-DF61FAE9BB7E}.Release|Any CPU.ActiveCfg = Release|Any CPU
		{158C7CFF-BEB4-4E73-B2F1-DF61FAE9BB7E}.Release|Any CPU.Build.0 = Release|Any CPU
		{864C941D-145E-4CCC-BD23-BC6AF464BA64}.Debug|Any CPU.ActiveCfg = Debug|Any CPU
		{864C941D-145E-4CCC-BD23-BC6AF464BA64}.Debug|Any CPU.Build.0 = Debug|Any CPU
		{864C941D-145E-4CCC-BD23-BC6AF464BA64}.Release|Any CPU.ActiveCfg = Release|Any CPU
		{864C941D-145E-4CCC-BD23-BC6AF464BA64}.Release|Any CPU.Build.0 = Release|Any CPU
		{472687F7-F161-47C2-AAB2-1C605EF09629}.Debug|Any CPU.ActiveCfg = Debug|Any CPU
		{472687F7-F161-47C2-AAB2-1C605EF09629}.Debug|Any CPU.Build.0 = Debug|Any CPU
		{472687F7-F161-47C2-AAB2-1C605EF09629}.Release|Any CPU.ActiveCfg = Release|Any CPU
		{472687F7-F161-47C2-AAB2-1C605EF09629}.Release|Any CPU.Build.0 = Release|Any CPU
	EndGlobalSection
	GlobalSection(SolutionProperties) = preSolution
		HideSolutionNode = FALSE
	EndGlobalSection
	GlobalSection(ExtensibilityGlobals) = postSolution
		SolutionGuid = {6153D1AD-A523-447D-A861-5E5674B0684B}
	EndGlobalSection
EndGlobal
